
Microsoft Visual Studio Solution File, Format Version 12.00
# Visual Studio Version 17
VisualStudioVersion = 17.1.32319.34
MinimumVisualStudioVersion = 10.0.40219.1
Project("{FAE04EC0-301F-11D3-BF4B-00C04F79EFBC}") = "Hilo.Calculatrice.ConsoleApp", "Hilo.Calculatrice.ConsoleApp\Hilo.Calculatrice.ConsoleApp.csproj", "{D8412ECC-51A8-49F1-9BF1-1B4FADA192C2}"
EndProject
Project("{FAE04EC0-301F-11D3-BF4B-00C04F79EFBC}") = "Hilo.Calculatrice.Domain", "Hilo.Calculatrice.Domain\Hilo.Calculatrice.Domain.csproj", "{1D444CF2-8DCE-4786-9465-15E16FABBEAC}"
EndProject
Project("{FAE04EC0-301F-11D3-BF4B-00C04F79EFBC}") = "Hilo.Calculatrice.Test", "Hilo.Calculatrice.Test\Hilo.Calculatrice.Test.csproj", "{99603C50-AB7B-497A-AAE0-1693BEA8A931}"
EndProject
Global
	GlobalSection(SolutionConfigurationPlatforms) = preSolution
		Debug|Any CPU = Debug|Any CPU
		Release|Any CPU = Release|Any CPU
	EndGlobalSection
	GlobalSection(ProjectConfigurationPlatforms) = postSolution
		{D8412ECC-51A8-49F1-9BF1-1B4FADA192C2}.Debug|Any CPU.ActiveCfg = Debug|Any CPU
		{D8412ECC-51A8-49F1-9BF1-1B4FADA192C2}.Debug|Any CPU.Build.0 = Debug|Any CPU
		{D8412ECC-51A8-49F1-9BF1-1B4FADA192C2}.Release|Any CPU.ActiveCfg = Release|Any CPU
		{D8412ECC-51A8-49F1-9BF1-1B4FADA192C2}.Release|Any CPU.Build.0 = Release|Any CPU
		{1D444CF2-8DCE-4786-9465-15E16FABBEAC}.Debug|Any CPU.ActiveCfg = Debug|Any CPU
		{1D444CF2-8DCE-4786-9465-15E16FABBEAC}.Debug|Any CPU.Build.0 = Debug|Any CPU
		{1D444CF2-8DCE-4786-9465-15E16FABBEAC}.Release|Any CPU.ActiveCfg = Release|Any CPU
		{1D444CF2-8DCE-4786-9465-15E16FABBEAC}.Release|Any CPU.Build.0 = Release|Any CPU
		{99603C50-AB7B-497A-AAE0-1693BEA8A931}.Debug|Any CPU.ActiveCfg = Debug|Any CPU
		{99603C50-AB7B-497A-AAE0-1693BEA8A931}.Debug|Any CPU.Build.0 = Debug|Any CPU
		{99603C50-AB7B-497A-AAE0-1693BEA8A931}.Release|Any CPU.ActiveCfg = Release|Any CPU
		{99603C50-AB7B-497A-AAE0-1693BEA8A931}.Release|Any CPU.Build.0 = Release|Any CPU
	EndGlobalSection
	GlobalSection(SolutionProperties) = preSolution
		HideSolutionNode = FALSE
	EndGlobalSection
	GlobalSection(ExtensibilityGlobals) = postSolution
		SolutionGuid = {5CA69DBC-78D6-4717-8879-63A923F552D6}
	EndGlobalSection
EndGlobal
